{
  "name": "boterkaaseieren",
  "version": "1.0.0",
  "lockfileVersion": 1,
  "requires": true,
  "dependencies": {
    "prose_array": {
      "version": "2.0.6",
      "resolved": "https://registry.npmjs.org/prose_array/-/prose_array-2.0.6.tgz",
      "integrity": "sha512-B5/drgOvOFi0lQHfOrHZ8qRFDp9asng+eEGQ/P/ZlAPVskZwyWAT/4UiIrEmSQz8V9kck0Q1A6h60IS21VadDQ==",
      "requires": {
        "prose_is": "*",
        "prose_isit": "*",
        "prose_object": "*",
        "prose_string": "*"
      }
    },
    "prose_is": {
      "version": "2.0.6",
      "resolved": "https://registry.npmjs.org/prose_is/-/prose_is-2.0.6.tgz",
      "integrity": "sha512-ZmrNnk752OpA1HCNh2hV9BmQLaTb/vEXphLf1K8pdlDn2cdqoitaQIyQAzpdeX46oruWx9E58yorM9v+dM3xBA=="
    },
    "prose_isit": {
      "version": "2.0.6",
      "resolved": "https://registry.npmjs.org/prose_isit/-/prose_isit-2.0.6.tgz",
      "integrity": "sha512-w3PSOtqXx0KVyw8VF8CsZB2b4rwRUr+pX/kYcfD5BiBDxWGs5oAJOM8307Cm1oy9c8auMhzdzpyU46SrGqitZg==",
      "requires": {
        "prose_is": "*"
      }
    },
    "prose_matrix2d": {
      "version": "1.0.12",
      "resolved": "https://registry.npmjs.org/prose_matrix2d/-/prose_matrix2d-1.0.12.tgz",
      "integrity": "sha512-g1ypYcs6pTifP4UKFMyzobYB6ScCc2Xr17sn8/QBBLkS+REmNCCFUT6r73l6fwcaDzLBPDVTrnpmeanlh8S0mA==",
      "requires": {
        "prose_isit": "*",
        "prose_number": "*",
        "prose_object": "*"
      }
    },
    "prose_number": {
      "version": "2.0.6",
      "resolved": "https://registry.npmjs.org/prose_number/-/prose_number-2.0.6.tgz",
      "integrity": "sha512-qioL4o2QUs7UOG3NzrZJyEqhuZEi+nYk59RV67d0xlHTCMV7RHZIM3ncTX6B7/9S+5AqGaSA5vVJ1aPxBmS1HA==",
      "requires": {
        "prose_is": "*",
        "prose_isit": "*"
      }
    },
    "prose_object": {
      "version": "2.0.6",
      "resolved": "https://registry.npmjs.org/prose_object/-/prose_object-2.0.6.tgz",
      "integrity": "sha512-Pzx2Wkxmu67Z5ITwnvuL881GyzXGn2y45vmCMLpckDZC4LdvyRegdwlk976FHmjDvABOt9hZOKS9OladE4nCPg==",
      "requires": {
        "prose_array": "*",
        "prose_is": "*",
        "prose_isit": "*",
        "prose_string": "*"
      }
    },
    "prose_string": {
      "version": "2.0.6",
      "resolved": "https://registry.npmjs.org/prose_string/-/prose_string-2.0.6.tgz",
      "integrity": "sha512-rnv2bvNvBYCp3c1OraynvliIjEwQ40AXRX3Kb21TauWvgAWQ0pGtrRAWNYJE3yZDdC6Tu6qepSekhqf86aSKEA==",
      "requires": {
        "prose_array": "*",
        "prose_is": "*",
        "prose_isit": "*"
      }
    },
    "tictactoe_model": {
      "version": "1.0.4",
      "resolved": "https://registry.npmjs.org/tictactoe_model/-/tictactoe_model-1.0.4.tgz",
      "integrity": "sha512-rqw73pMZ2tIaNemcQwWGVxeiO6g5uRcvK63VWwKq9BVMAUvxiMJw2HENUC1EzFeEwQSqEfktxF/NYaN+g+grEQ==",
      "requires": {
        "prose_is": "*",
        "prose_matrix2d": "*"
      }
    },
    "ws": {
      "version": "7.4.6",
      "resolved": "https://registry.npmjs.org/ws/-/ws-7.4.6.tgz",
      "integrity": "sha512-YmhHDO4MzaDLB+M9ym/mDA5z0naX8j7SIlT8f8z+I0VtzsRbekxEutHSme7NPS2qE8StCYQNUnfWdXta/Yu85A=="
    }
  }
}
